// !$*UTF8*$!
{
	archiveVersion = 1;
	classes = {
	};
	objectVersion = 50;
	objects = {

/* Begin PBXBuildFile section */
		9B331B4B22B453F800FDC646 /* main.swift in Sources */ = {isa = PBXBuildFile; fileRef = 9B331B4A22B453F800FDC646 /* main.swift */; };
		9B331B5322B454F300FDC646 /* Users.json in CopyFiles */ = {isa = PBXBuildFile; fileRef = 9B331B5122B4546200FDC646 /* Users.json */; };
		9B331B5522B45E3C00FDC646 /* Address.swift in Sources */ = {isa = PBXBuildFile; fileRef = 9B331B5422B45E3C00FDC646 /* Address.swift */; };
		9B331B5722B45E4F00FDC646 /* user.swift in Sources */ = {isa = PBXBuildFile; fileRef = 9B331B5622B45E4F00FDC646 /* user.swift */; };
		9B331B5922B45F1300FDC646 /* Company.swift in Sources */ = {isa = PBXBuildFile; fileRef = 9B331B5822B45F1300FDC646 /* Company.swift */; };
		9B331B5B22B45F3400FDC646 /* Geo.swift in Sources */ = {isa = PBXBuildFile; fileRef = 9B331B5A22B45F3400FDC646 /* Geo.swift */; };
/* End PBXBuildFile section */

/* Begin PBXCopyFilesBuildPhase section */
		9B331B4522B453F800FDC646 /* CopyFiles */ = {
			isa = PBXCopyFilesBuildPhase;
			buildActionMask = 2147483647;
			dstPath = /usr/share/man/man1/;
			dstSubfolderSpec = 0;
			files = (
			);
			runOnlyForDeploymentPostprocessing = 1;
		};
		9B331B5222B454D100FDC646 /* CopyFiles */ = {
			isa = PBXCopyFilesBuildPhase;
			buildActionMask = 2147483647;
			dstPath = "";
			dstSubfolderSpec = 7;
			files = (
				9B331B5322B454F300FDC646 /* Users.json in CopyFiles */,
			);
			runOnlyForDeploymentPostprocessing = 0;
		};
/* End PBXCopyFilesBuildPhase section */

/* Begin PBXFileReference section */
		9B331B4722B453F800FDC646 /* ReadNewFile */ = {isa = PBXFileReference; explicitFileType = "compiled.mach-o.executable"; includeInIndex = 0; path = ReadNewFile; sourceTree = BUILT_PRODUCTS_DIR; };
		9B331B4A22B453F800FDC646 /* main.swift */ = {isa = PBXFileReference; lastKnownFileType = sourcecode.swift; path = main.swift; sourceTree = "<group>"; };
		9B331B5122B4546200FDC646 /* Users.json */ = {isa = PBXFileReference; lastKnownFileType = text.json; path = Users.json; sourceTree = "<group>"; };
		9B331B5422B45E3C00FDC646 /* Address.swift */ = {isa = PBXFileReference; lastKnownFileType = sourcecode.swift; path = Address.swift; sourceTree = "<group>"; };
		9B331B5622B45E4F00FDC646 /* user.swift */ = {isa = PBXFileReference; lastKnownFileType = sourcecode.swift; path = user.swift; sourceTree = "<group>"; };
		9B331B5822B45F1300FDC646 /* Company.swift */ = {isa = PBXFileReference; lastKnownFileType = sourcecode.swift; path = Company.swift; sourceTree = "<group>"; };
		9B331B5A22B45F3400FDC646 /* Geo.swift */ = {isa = PBXFileReference; lastKnownFileType = sourcecode.swift; path = Geo.swift; sourceTree = "<group>"; };
/* End PBXFileReference section */

/* Begin PBXFrameworksBuildPhase section */
		9B331B4422B453F800FDC646 /* Frameworks */ = {
			isa = PBXFrameworksBuildPhase;
			buildActionMask = 2147483647;
			files = (
			);
			runOnlyForDeploymentPostprocessing = 0;
		};
/* End PBXFrameworksBuildPhase section */

/* Begin PBXGroup section */
		9B331B3E22B453F800FDC646 = {
			isa = PBXGroup;
			children = (
				9B331B5C22B4601200FDC646 /* Models */,
				9B331B4922B453F800FDC646 /* ReadNewFile */,
				9B331B4822B453F800FDC646 /* Products */,
			);
			sourceTree = "<group>";
		};
		9B331B4822B453F800FDC646 /* Products */ = {
			isa = PBXGroup;
			children = (
				9B331B4722B453F800FDC646 /* ReadNewFile */,
			);
			name = Products;
			sourceTree = "<group>";
		};
		9B331B4922B453F800FDC646 /* ReadNewFile */ = {
			isa = PBXGroup;
			children = (
				9B331B5122B4546200FDC646 /* Users.json */,
				9B331B4A22B453F800FDC646 /* main.swift */,
			);
			path = ReadNewFile;
			sourceTree = "<group>";
		};
		9B331B5C22B4601200FDC646 /* Models */ = {
			isa = PBXGroup;
			children = (
				9B331B5A22B45F3400FDC646 /* Geo.swift */,
				9B331B5822B45F1300FDC646 /* Company.swift */,
				9B331B5622B45E4F00FDC646 /* user.swift */,
				9B331B5422B45E3C00FDC646 /* Address.swift */,
			);
			path = Models;
			sourceTree = "<group>";
		};
/* End PBXGroup section */

/* Begin PBXNativeTarget section */
		9B331B4622B453F800FDC646 /* ReadNewFile */ = {
			isa = PBXNativeTarget;
			buildConfigurationList = 9B331B4E22B453F800FDC646 /* Build configuration list for PBXNativeTarget "ReadNewFile" */;
			buildPhases = (
				9B331B4322B453F800FDC646 /* Sources */,
				9B331B4422B453F800FDC646 /* Frameworks */,
				9B331B4522B453F800FDC646 /* CopyFiles */,
				9B331B5222B454D100FDC646 /* CopyFiles */,
			);
			buildRules = (
			);
			dependencies = (
			);
			name = ReadNewFile;
			productName = ReadNewFile;
			productReference = 9B331B4722B453F800FDC646 /* ReadNewFile */;
			productType = "com.apple.product-type.tool";
		};
/* End PBXNativeTarget section */

/* Begin PBXProject section */
		9B331B3F22B453F800FDC646 /* Project object */ = {
			isa = PBXProject;
			attributes = {
				LastSwiftUpdateCheck = 1020;
				LastUpgradeCheck = 1020;
				ORGANIZATIONNAME = MacStudent;
				TargetAttributes = {
					9B331B4622B453F800FDC646 = {
						CreatedOnToolsVersion = 10.2.1;
					};
				};
			};
			buildConfigurationList = 9B331B4222B453F800FDC646 /* Build configuration list for PBXProject "ReadNewFile" */;
			compatibilityVersion = "Xcode 9.3";
			developmentRegion = en;
			hasScannedForEncodings = 0;
			knownRegions = (
				en,
			);
			mainGroup = 9B331B3E22B453F800FDC646;
			productRefGroup = 9B331B4822B453F800FDC646 /* Products */;
			projectDirPath = "";
			projectRoot = "";
			targets = (
				9B331B4622B453F800FDC646 /* ReadNewFile */,
			);
		};
/* End PBXProject section */

/* Begin PBXSourcesBuildPhase section */
		9B331B4322B453F800FDC646 /* Sources */ = {
			isa = PBXSourcesBuildPhase;
			buildActionMask = 2147483647;
			files = (
				9B331B5522B45E3C00FDC646 /* Address.swift in Sources */,
				9B331B4B22B453F800FDC646 /* main.swift in Sources */,
				9B331B5722B45E4F00FDC646 /* user.swift in Sources */,
				9B331B5922B45F1300FDC646 /* Company.swift in Sources */,
				9B331B5B22B45F3400FDC646 /* Geo.swift in Sources */,
			);
			runOnlyForDeploymentPostprocessing = 0;
		};
/* End PBXSourcesBuildPhase section */

/* Begin XCBuildConfiguration section */
		9B331B4C22B453F800FDC646 /* Debug */ = {
			isa = XCBuildConfiguration;
			buildSettings = {
				ALWAYS_SEARCH_USER_PATHS = NO;
				CLANG_ANALYZER_NONNULL = YES;
				CLANG_ANALYZER_NUMBER_OBJECT_CONVERSION = YES_AGGRESSIVE;
				CLANG_CXX_LANGUAGE_STANDARD = "gnu++14";
				CLANG_CXX_LIBRARY = "libc++";
				CLANG_ENABLE_MODULES = YES;
				CLANG_ENABLE_OBJC_ARC = YES;
				CLANG_ENABLE_OBJC_WEAK = YES;
				CLANG_WARN_BLOCK_CAPTURE_AUTORELEASING = YES;
				CLANG_WARN_BOOL_CONVERSION = YES;
				CLANG_WARN_COMMA = YES;
				CLANG_WARN_CONSTANT_CONVERSION = YES;
				CLANG_WARN_DEPRECATED_OBJC_IMPLEMENTATIONS = YES;
				CLANG_WARN_DIRECT_OBJC_ISA_USAGE = YES_ERROR;
				CLANG_WARN_DOCUMENTATION_COMMENTS = YES;
				CLANG_WARN_EMPTY_BODY = YES;
				CLANG_WARN_ENUM_CONVERSION = YES;
				CLANG_WARN_INFINITE_RECURSION = YES;
				CLANG_WARN_INT_CONVERSION = YES;
				CLANG_WARN_NON_LITERAL_NULL_CONVERSION = YES;
				CLANG_WARN_OBJC_IMPLICIT_RETAIN_SELF = YES;
				CLANG_WARN_OBJC_LITERAL_CONVERSION = YES;
				CLANG_WARN_OBJC_ROOT_CLASS = YES_ERROR;
				CLANG_WARN_RANGE_LOOP_ANALYSIS = YES;
				CLANG_WARN_STRICT_PROTOTYPES = YES;
				CLANG_WARN_SUSPICIOUS_MOVE = YES;
				CLANG_WARN_UNGUARDED_AVAILABILITY = YES_AGGRESSIVE;
				CLANG_WARN_UNREACHABLE_CODE = YES;
				CLANG_WARN__DUPLICATE_METHOD_MATCH = YES;
				CODE_SIGN_IDENTITY = "-";
				COPY_PHASE_STRIP = NO;
				DEBUG_INFORMATION_FORMAT = dwarf;
				ENABLE_STRICT_OBJC_MSGSEND = YES;
				ENABLE_TESTABILITY = YES;
				GCC_C_LANGUAGE_STANDARD = gnu11;
				GCC_DYNAMIC_NO_PIC = NO;
				GCC_NO_COMMON_BLOCKS = YES;
				GCC_OPTIMIZATION_LEVEL = 0;
				GCC_PREPROCESSOR_DEFINITIONS = (
					"DEBUG=1",
					"$(inherited)",
				);
				GCC_WARN_64_TO_32_BIT_CONVERSION = YES;
				GCC_WARN_ABOUT_RETURN_TYPE = YES_ERROR;
				GCC_WARN_UNDECLARED_SELECTOR = YES;
				GCC_WARN_UNINITIALIZED_AUTOS = YES_AGGRESSIVE;
				GCC_WARN_UNUSED_FUNCTION = YES;
				GCC_WARN_UNUSED_VARIABLE = YES;
				MACOSX_DEPLOYMENT_TARGET = 10.14;
				MTL_ENABLE_DEBUG_INFO = INCLUDE_SOURCE;
				MTL_FAST_MATH = YES;
				ONLY_ACTIVE_ARCH = YES;
				SDKROOT = macosx;
				SWIFT_ACTIVE_COMPILATION_CONDITIONS = DEBUG;
				SWIFT_OPTIMIZATION_LEVEL = "-Onone";
			};
			name = Debug;
		};
		9B331B4D22B453F800FDC646 /* Release */ = {
			isa = XCBuildConfiguration;
			buildSettings = {
				ALWAYS_SEARCH_USER_PATHS = NO;
				CLANG_ANALYZER_NONNULL = YES;
				CLANG_ANALYZER_NUMBER_OBJECT_CONVERSION = YES_AGGRESSIVE;
				CLANG_CXX_LANGUAGE_STANDARD = "gnu++14";
				CLANG_CXX_LIBRARY = "libc++";
				CLANG_ENABLE_MODULES = YES;
				CLANG_ENABLE_OBJC_ARC = YES;
				CLANG_ENABLE_OBJC_WEAK = YES;
				CLANG_WARN_BLOCK_CAPTURE_AUTORELEASING = YES;
				CLANG_WARN_BOOL_CONVERSION = YES;
				CLANG_WARN_COMMA = YES;
				CLANG_WARN_CONSTANT_CONVERSION = YES;
				CLANG_WARN_DEPRECATED_OBJC_IMPLEMENTATIONS = YES;
				CLANG_WARN_DIRECT_OBJC_ISA_USAGE = YES_ERROR;
				CLANG_WARN_DOCUMENTATION_COMMENTS = YES;
				CLANG_WARN_EMPTY_BODY = YES;
				CLANG_WARN_ENUM_CONVERSION = YES;
				CLANG_WARN_INFINITE_RECURSION = YES;
				CLANG_WARN_INT_CONVERSION = YES;
				CLANG_WARN_NON_LITERAL_NULL_CONVERSION = YES;
				CLANG_WARN_OBJC_IMPLICIT_RETAIN_SELF = YES;
				CLANG_WARN_OBJC_LITERAL_CONVERSION = YES;
				CLANG_WARN_OBJC_ROOT_CLASS = YES_ERROR;
				CLANG_WARN_RANGE_LOOP_ANALYSIS = YES;
				CLANG_WARN_STRICT_PROTOTYPES = YES;
				CLANG_WARN_SUSPICIOUS_MOVE = YES;
				CLANG_WARN_UNGUARDED_AVAILABILITY = YES_AGGRESSIVE;
				CLANG_WARN_UNREACHABLE_CODE = YES;
				CLANG_WARN__DUPLICATE_METHOD_MATCH = YES;
				CODE_SIGN_IDENTITY = "-";
				COPY_PHASE_STRIP = NO;
				DEBUG_INFORMATION_FORMAT = "dwarf-with-dsym";
				ENABLE_NS_ASSERTIONS = NO;
				ENABLE_STRICT_OBJC_MSGSEND = YES;
				GCC_C_LANGUAGE_STANDARD = gnu11;
				GCC_NO_COMMON_BLOCKS = YES;
				GCC_WARN_64_TO_32_BIT_CONVERSION = YES;
				GCC_WARN_ABOUT_RETURN_TYPE = YES_ERROR;
				GCC_WARN_UNDECLARED_SELECTOR = YES;
				GCC_WARN_UNINITIALIZED_AUTOS = YES_AGGRESSIVE;
				GCC_WARN_UNUSED_FUNCTION = YES;
				GCC_WARN_UNUSED_VARIABLE = YES;
				MACOSX_DEPLOYMENT_TARGET = 10.14;
				MTL_ENABLE_DEBUG_INFO = NO;
				MTL_FAST_MATH = YES;
				SDKROOT = macosx;
				SWIFT_COMPILATION_MODE = wholemodule;
				SWIFT_OPTIMIZATION_LEVEL = "-O";
			};
			name = Release;
		};
		9B331B4F22B453F800FDC646 /* Debug */ = {
			isa = XCBuildConfiguration;
			buildSettings = {
				CODE_SIGN_STYLE = Automatic;
				PRODUCT_NAME = "$(TARGET_NAME)";
				SWIFT_VERSION = 5.0;
			};
			name = Debug;
		};
		9B331B5022B453F800FDC646 /* Release */ = {
			isa = XCBuildConfiguration;
			buildSettings = {
				CODE_SIGN_STYLE = Automatic;
				PRODUCT_NAME = "$(TARGET_NAME)";
				SWIFT_VERSION = 5.0;
			};
			name = Release;
		};
/* End XCBuildConfiguration section */

/* Begin XCConfigurationList section */
		9B331B4222B453F800FDC646 /* Build configuration list for PBXProject "ReadNewFile" */ = {
			isa = XCConfigurationList;
			buildConfigurations = (
				9B331B4C22B453F800FDC646 /* Debug */,
				9B331B4D22B453F800FDC646 /* Release */,
			);
			defaultConfigurationIsVisible = 0;
			defaultConfigurationName = Release;
		};
		9B331B4E22B453F800FDC646 /* Build configuration list for PBXNativeTarget "ReadNewFile" */ = {
			isa = XCConfigurationList;
			buildConfigurations = (
				9B331B4F22B453F800FDC646 /* Debug */,
				9B331B5022B453F800FDC646 /* Release */,
			);
			defaultConfigurationIsVisible = 0;
			defaultConfigurationName = Release;
		};
/* End XCConfigurationList section */
	};
	rootObject = 9B331B3F22B453F800FDC646 /* Project object */;
}
